# Generated by pub
# See http://pub.dartlang.org/doc/glossary.html#lockfile
packages:
  petitparser:
    description: petitparser
    source: hosted
    version: "1.3.7"
  xml:
    description: xml
    source: hosted
    version: "2.2.3"
  xml2json:
    description: xml2json
    source: hosted
    version: "2.0.6"
